
Microsoft Visual Studio Solution File, Format Version 12.00
# Visual Studio Version 17
VisualStudioVersion = 17.8.34511.84
MinimumVisualStudioVersion = 10.0.40219.1
Project("{FAE04EC0-301F-11D3-BF4B-00C04F79EFBC}") = "OOP-Interface", "OOP-Interface\OOP-Interface.csproj", "{5CFECD1A-C308-4FB6-A6B6-4F47001E5FC3}"
EndProject
Global
	GlobalSection(SolutionConfigurationPlatforms) = preSolution
		Debug|Any CPU = Debug|Any CPU
		Release|Any CPU = Release|Any CPU
	EndGlobalSection
	GlobalSection(ProjectConfigurationPlatforms) = postSolution
		{5CFECD1A-C308-4FB6-A6B6-4F47001E5FC3}.Debug|Any CPU.ActiveCfg = Debug|Any CPU
		{5CFECD1A-C308-4FB6-A6B6-4F47001E5FC3}.Debug|Any CPU.Build.0 = Debug|Any CPU
		{5CFECD1A-C308-4FB6-A6B6-4F47001E5FC3}.Release|Any CPU.ActiveCfg = Release|Any CPU
		{5CFECD1A-C308-4FB6-A6B6-4F47001E5FC3}.Release|Any CPU.Build.0 = Release|Any CPU
	EndGlobalSection
	GlobalSection(SolutionProperties) = preSolution
		HideSolutionNode = FALSE
	EndGlobalSection
	GlobalSection(ExtensibilityGlobals) = postSolution
		SolutionGuid = {15CBDC42-8043-4FA3-BA91-19D9F001E6B2}
	EndGlobalSection
EndGlobal
